
Microsoft Visual Studio Solution File, Format Version 11.00
# Visual Studio 2010
Project("{FAE04EC0-301F-11D3-BF4B-00C04F79EFBC}") = "HuaChun_DailyReport", "HuaChun_DailyReport\HuaChun_DailyReport.csproj", "{78051F99-57FD-48BC-A263-4632C9469CFF}"
EndProject
Global
	GlobalSection(SolutionConfigurationPlatforms) = preSolution
		Debug|x86 = Debug|x86
		Release|x86 = Release|x86
	EndGlobalSection
	GlobalSection(ProjectConfigurationPlatforms) = postSolution
		{78051F99-57FD-48BC-A263-4632C9469CFF}.Debug|x86.ActiveCfg = Debug|x86
		{78051F99-57FD-48BC-A263-4632C9469CFF}.Debug|x86.Build.0 = Debug|x86
		{78051F99-57FD-48BC-A263-4632C9469CFF}.Release|x86.ActiveCfg = Release|x86
		{78051F99-57FD-48BC-A263-4632C9469CFF}.Release|x86.Build.0 = Release|x86
	EndGlobalSection
	GlobalSection(SolutionProperties) = preSolution
		HideSolutionNode = FALSE
	EndGlobalSection
EndGlobal
